// !$*UTF8*$!
{
	archiveVersion = 1;
	classes = {
	};
	objectVersion = 46;
	objects = {

/* Begin PBXBuildFile section */
		4E37317716EF49BB00F95599 /* UIKit.framework in Frameworks */ = {isa = PBXBuildFile; fileRef = 4E37317616EF49BB00F95599 /* UIKit.framework */; };
		4E37317916EF49BB00F95599 /* Foundation.framework in Frameworks */ = {isa = PBXBuildFile; fileRef = 4E37317816EF49BB00F95599 /* Foundation.framework */; };
		4E37317B16EF49BB00F95599 /* CoreGraphics.framework in Frameworks */ = {isa = PBXBuildFile; fileRef = 4E37317A16EF49BB00F95599 /* CoreGraphics.framework */; };
		4E9C4D7516F5A02400400197 /* person.png in Resources */ = {isa = PBXBuildFile; fileRef = 4E9C4D7416F5A02400400197 /* person.png */; };
		4EC0444C16F18CA100438D31 /* TextMessageBubbleViewButton.m in Sources */ = {isa = PBXBuildFile; fileRef = 4EC0444B16F18CA100438D31 /* TextMessageBubbleViewButton.m */; };
		4EC0444F16F1951300438D31 /* UIImage+Utils.m in Sources */ = {isa = PBXBuildFile; fileRef = 4EC0444E16F1951300438D31 /* UIImage+Utils.m */; };
		4EC0448B16F38FBB00438D31 /* MessageBubbleView.m in Sources */ = {isa = PBXBuildFile; fileRef = 4EC0448A16F38FBB00438D31 /* MessageBubbleView.m */; };
		4EC044AB16F3A12200438D31 /* CopyLabel.m in Sources */ = {isa = PBXBuildFile; fileRef = 4EC044AA16F3A09400438D31 /* CopyLabel.m */; };
		4ED2083916F1129300E17936 /* Default-568h@2x.png in Resources */ = {isa = PBXBuildFile; fileRef = 4ED2082216F1129300E17936 /* Default-568h@2x.png */; };
		4ED2083A16F1129300E17936 /* Default.png in Resources */ = {isa = PBXBuildFile; fileRef = 4ED2082316F1129300E17936 /* Default.png */; };
		4ED2083B16F1129300E17936 /* Default@2x.png in Resources */ = {isa = PBXBuildFile; fileRef = 4ED2082416F1129300E17936 /* Default@2x.png */; };
		4ED2083C16F1129300E17936 /* flower.png in Resources */ = {isa = PBXBuildFile; fileRef = 4ED2082516F1129300E17936 /* flower.png */; };
		4ED2083D16F1129300E17936 /* ImageBubble@2x~iphone.png in Resources */ = {isa = PBXBuildFile; fileRef = 4ED2082616F1129300E17936 /* ImageBubble@2x~iphone.png */; };
		4ED2083E16F1129300E17936 /* ImageBubbleMask@2x~iphone.png in Resources */ = {isa = PBXBuildFile; fileRef = 4ED2082716F1129300E17936 /* ImageBubbleMask@2x~iphone.png */; };
		4ED2083F16F1129300E17936 /* ImageBubbleMask~iphone.png in Resources */ = {isa = PBXBuildFile; fileRef = 4ED2082816F1129300E17936 /* ImageBubbleMask~iphone.png */; };
		4ED2084016F1129300E17936 /* ImageBubble~iphone.png in Resources */ = {isa = PBXBuildFile; fileRef = 4ED2082916F1129300E17936 /* ImageBubble~iphone.png */; };
		4ED2084516F1129300E17936 /* ImageBubbleAppDelegate.m in Sources */ = {isa = PBXBuildFile; fileRef = 4ED2083516F1129300E17936 /* ImageBubbleAppDelegate.m */; };
		4ED2084616F1129300E17936 /* ImageBubbleViewController.m in Sources */ = {isa = PBXBuildFile; fileRef = 4ED2083716F1129300E17936 /* ImageBubbleViewController.m */; };
		4ED2084716F1129300E17936 /* main.m in Sources */ = {isa = PBXBuildFile; fileRef = 4ED2083816F1129300E17936 /* main.m */; };
		4EE64DD8170AED1500A6DC44 /* BubbleThingieViewController_iPad.xib in Resources */ = {isa = PBXBuildFile; fileRef = 4EE64DD1170AED1500A6DC44 /* BubbleThingieViewController_iPad.xib */; };
		4EE64DD9170AED1500A6DC44 /* BubbleThingieViewController_iPhone.xib in Resources */ = {isa = PBXBuildFile; fileRef = 4EE64DD3170AED1500A6DC44 /* BubbleThingieViewController_iPhone.xib */; };
		4EE64DDA170AED1500A6DC44 /* InfoPlist.strings in Resources */ = {isa = PBXBuildFile; fileRef = 4EE64DD5170AED1500A6DC44 /* InfoPlist.strings */; };
/* End PBXBuildFile section */

/* Begin PBXFileReference section */
		4E37317316EF49BB00F95599 /* ImageBubble.app */ = {isa = PBXFileReference; explicitFileType = wrapper.application; includeInIndex = 0; path = ImageBubble.app; sourceTree = BUILT_PRODUCTS_DIR; };
		4E37317616EF49BB00F95599 /* UIKit.framework */ = {isa = PBXFileReference; lastKnownFileType = wrapper.framework; name = UIKit.framework; path = System/Library/Frameworks/UIKit.framework; sourceTree = SDKROOT; };
		4E37317816EF49BB00F95599 /* Foundation.framework */ = {isa = PBXFileReference; lastKnownFileType = wrapper.framework; name = Foundation.framework; path = System/Library/Frameworks/Foundation.framework; sourceTree = SDKROOT; };
		4E37317A16EF49BB00F95599 /* CoreGraphics.framework */ = {isa = PBXFileReference; lastKnownFileType = wrapper.framework; name = CoreGraphics.framework; path = System/Library/Frameworks/CoreGraphics.framework; sourceTree = SDKROOT; };
		4E9C4D7416F5A02400400197 /* person.png */ = {isa = PBXFileReference; lastKnownFileType = image.png; path = person.png; sourceTree = "<group>"; };
		4EC0444A16F18CA100438D31 /* TextMessageBubbleViewButton.h */ = {isa = PBXFileReference; fileEncoding = 4; lastKnownFileType = sourcecode.c.h; path = TextMessageBubbleViewButton.h; sourceTree = "<group>"; };
		4EC0444B16F18CA100438D31 /* TextMessageBubbleViewButton.m */ = {isa = PBXFileReference; fileEncoding = 4; lastKnownFileType = sourcecode.c.objc; path = TextMessageBubbleViewButton.m; sourceTree = "<group>"; };
		4EC0444D16F1951300438D31 /* UIImage+Utils.h */ = {isa = PBXFileReference; fileEncoding = 4; lastKnownFileType = sourcecode.c.h; path = "UIImage+Utils.h"; sourceTree = "<group>"; };
		4EC0444E16F1951300438D31 /* UIImage+Utils.m */ = {isa = PBXFileReference; fileEncoding = 4; lastKnownFileType = sourcecode.c.objc; path = "UIImage+Utils.m"; sourceTree = "<group>"; };
		4EC0448A16F38FBB00438D31 /* MessageBubbleView.m */ = {isa = PBXFileReference; fileEncoding = 4; lastKnownFileType = sourcecode.c.objc; path = MessageBubbleView.m; sourceTree = "<group>"; };
		4EC0448C16F38FDB00438D31 /* MessageBubbleView.h */ = {isa = PBXFileReference; fileEncoding = 4; lastKnownFileType = sourcecode.c.h; path = MessageBubbleView.h; sourceTree = "<group>"; };
		4EC044A916F3A09400438D31 /* CopyLabel.h */ = {isa = PBXFileReference; lastKnownFileType = sourcecode.c.h; path = CopyLabel.h; sourceTree = "<group>"; };
		4EC044AA16F3A09400438D31 /* CopyLabel.m */ = {isa = PBXFileReference; lastKnownFileType = sourcecode.c.objc; path = CopyLabel.m; sourceTree = "<group>"; };
		4ED2082216F1129300E17936 /* Default-568h@2x.png */ = {isa = PBXFileReference; lastKnownFileType = image.png; path = "Default-568h@2x.png"; sourceTree = "<group>"; };
		4ED2082316F1129300E17936 /* Default.png */ = {isa = PBXFileReference; lastKnownFileType = image.png; path = Default.png; sourceTree = "<group>"; };
		4ED2082416F1129300E17936 /* Default@2x.png */ = {isa = PBXFileReference; lastKnownFileType = image.png; path = "Default@2x.png"; sourceTree = "<group>"; };
		4ED2082516F1129300E17936 /* flower.png */ = {isa = PBXFileReference; lastKnownFileType = image.png; path = flower.png; sourceTree = "<group>"; };
		4ED2082616F1129300E17936 /* ImageBubble@2x~iphone.png */ = {isa = PBXFileReference; lastKnownFileType = image.png; path = "ImageBubble@2x~iphone.png"; sourceTree = "<group>"; };
		4ED2082716F1129300E17936 /* ImageBubbleMask@2x~iphone.png */ = {isa = PBXFileReference; lastKnownFileType = image.png; path = "ImageBubbleMask@2x~iphone.png"; sourceTree = "<group>"; };
		4ED2082816F1129300E17936 /* ImageBubbleMask~iphone.png */ = {isa = PBXFileReference; lastKnownFileType = image.png; path = "ImageBubbleMask~iphone.png"; sourceTree = "<group>"; };
		4ED2082916F1129300E17936 /* ImageBubble~iphone.png */ = {isa = PBXFileReference; lastKnownFileType = image.png; path = "ImageBubble~iphone.png"; sourceTree = "<group>"; };
		4ED2083416F1129300E17936 /* ImageBubbleAppDelegate.h */ = {isa = PBXFileReference; fileEncoding = 4; lastKnownFileType = sourcecode.c.h; path = ImageBubbleAppDelegate.h; sourceTree = "<group>"; };
		4ED2083516F1129300E17936 /* ImageBubbleAppDelegate.m */ = {isa = PBXFileReference; fileEncoding = 4; lastKnownFileType = sourcecode.c.objc; path = ImageBubbleAppDelegate.m; sourceTree = "<group>"; };
		4ED2083616F1129300E17936 /* ImageBubbleViewController.h */ = {isa = PBXFileReference; fileEncoding = 4; lastKnownFileType = sourcecode.c.h; path = ImageBubbleViewController.h; sourceTree = "<group>"; };
		4ED2083716F1129300E17936 /* ImageBubbleViewController.m */ = {isa = PBXFileReference; fileEncoding = 4; lastKnownFileType = sourcecode.c.objc; path = ImageBubbleViewController.m; sourceTree = "<group>"; };
		4ED2083816F1129300E17936 /* main.m */ = {isa = PBXFileReference; fileEncoding = 4; lastKnownFileType = sourcecode.c.objc; path = main.m; sourceTree = "<group>"; };
		4EE64DCF170AED1500A6DC44 /* BubbleThingie-Info.plist */ = {isa = PBXFileReference; fileEncoding = 4; lastKnownFileType = text.plist.xml; path = "BubbleThingie-Info.plist"; sourceTree = "<group>"; };
		4EE64DD0170AED1500A6DC44 /* BubbleThingie-Prefix.pch */ = {isa = PBXFileReference; fileEncoding = 4; lastKnownFileType = sourcecode.c.h; path = "BubbleThingie-Prefix.pch"; sourceTree = "<group>"; };
		4EE64DD2170AED1500A6DC44 /* en */ = {isa = PBXFileReference; lastKnownFileType = file.xib; name = en; path = en.lproj/BubbleThingieViewController_iPad.xib; sourceTree = "<group>"; };
		4EE64DD4170AED1500A6DC44 /* en */ = {isa = PBXFileReference; lastKnownFileType = file.xib; name = en; path = en.lproj/BubbleThingieViewController_iPhone.xib; sourceTree = "<group>"; };
		4EE64DD6170AED1500A6DC44 /* en */ = {isa = PBXFileReference; lastKnownFileType = text.plist.strings; name = en; path = en.lproj/InfoPlist.strings; sourceTree = "<group>"; };
/* End PBXFileReference section */

/* Begin PBXFrameworksBuildPhase section */
		4E37317016EF49BA00F95599 /* Frameworks */ = {
			isa = PBXFrameworksBuildPhase;
			buildActionMask = 2147483647;
			files = (
				4E37317716EF49BB00F95599 /* UIKit.framework in Frameworks */,
				4E37317916EF49BB00F95599 /* Foundation.framework in Frameworks */,
				4E37317B16EF49BB00F95599 /* CoreGraphics.framework in Frameworks */,
			);
			runOnlyForDeploymentPostprocessing = 0;
		};
/* End PBXFrameworksBuildPhase section */

/* Begin PBXGroup section */
		4E37316A16EF49BA00F95599 = {
			isa = PBXGroup;
			children = (
				4ED2082116F1129300E17936 /* img */,
				4ED2083316F1129300E17936 /* src */,
				4EE64DCE170AED1500A6DC44 /* rsrc */,
				4E37317516EF49BB00F95599 /* Frameworks */,
				4E37317416EF49BB00F95599 /* Products */,
			);
			sourceTree = "<group>";
		};
		4E37317416EF49BB00F95599 /* Products */ = {
			isa = PBXGroup;
			children = (
				4E37317316EF49BB00F95599 /* ImageBubble.app */,
			);
			name = Products;
			sourceTree = "<group>";
		};
		4E37317516EF49BB00F95599 /* Frameworks */ = {
			isa = PBXGroup;
			children = (
				4E37317616EF49BB00F95599 /* UIKit.framework */,
				4E37317816EF49BB00F95599 /* Foundation.framework */,
				4E37317A16EF49BB00F95599 /* CoreGraphics.framework */,
			);
			name = Frameworks;
			sourceTree = "<group>";
		};
		4ED2082116F1129300E17936 /* img */ = {
			isa = PBXGroup;
			children = (
				4E9C4D7416F5A02400400197 /* person.png */,
				4ED2082216F1129300E17936 /* Default-568h@2x.png */,
				4ED2082316F1129300E17936 /* Default.png */,
				4ED2082416F1129300E17936 /* Default@2x.png */,
				4ED2082516F1129300E17936 /* flower.png */,
				4ED2082616F1129300E17936 /* ImageBubble@2x~iphone.png */,
				4ED2082716F1129300E17936 /* ImageBubbleMask@2x~iphone.png */,
				4ED2082816F1129300E17936 /* ImageBubbleMask~iphone.png */,
				4ED2082916F1129300E17936 /* ImageBubble~iphone.png */,
			);
			path = img;
			sourceTree = "<group>";
		};
		4ED2083316F1129300E17936 /* src */ = {
			isa = PBXGroup;
			children = (
				4EC044A916F3A09400438D31 /* CopyLabel.h */,
				4EC044AA16F3A09400438D31 /* CopyLabel.m */,
				4EC0448C16F38FDB00438D31 /* MessageBubbleView.h */,
				4EC0448A16F38FBB00438D31 /* MessageBubbleView.m */,
				4ED2083416F1129300E17936 /* ImageBubbleAppDelegate.h */,
				4ED2083516F1129300E17936 /* ImageBubbleAppDelegate.m */,
				4ED2083616F1129300E17936 /* ImageBubbleViewController.h */,
				4ED2083716F1129300E17936 /* ImageBubbleViewController.m */,
				4ED2083816F1129300E17936 /* main.m */,
				4EC0444A16F18CA100438D31 /* TextMessageBubbleViewButton.h */,
				4EC0444B16F18CA100438D31 /* TextMessageBubbleViewButton.m */,
				4EC0444D16F1951300438D31 /* UIImage+Utils.h */,
				4EC0444E16F1951300438D31 /* UIImage+Utils.m */,
			);
			path = src;
			sourceTree = "<group>";
		};
		4EE64DCE170AED1500A6DC44 /* rsrc */ = {
			isa = PBXGroup;
			children = (
				4EE64DCF170AED1500A6DC44 /* BubbleThingie-Info.plist */,
				4EE64DD0170AED1500A6DC44 /* BubbleThingie-Prefix.pch */,
				4EE64DD1170AED1500A6DC44 /* BubbleThingieViewController_iPad.xib */,
				4EE64DD3170AED1500A6DC44 /* BubbleThingieViewController_iPhone.xib */,
				4EE64DD5170AED1500A6DC44 /* InfoPlist.strings */,
			);
			path = rsrc;
			sourceTree = "<group>";
		};
/* End PBXGroup section */

/* Begin PBXNativeTarget section */
		4E37317216EF49BA00F95599 /* ImageBubble */ = {
			isa = PBXNativeTarget;
			buildConfigurationList = 4E37319916EF49BB00F95599 /* Build configuration list for PBXNativeTarget "ImageBubble" */;
			buildPhases = (
				4E37316F16EF49BA00F95599 /* Sources */,
				4E37317016EF49BA00F95599 /* Frameworks */,
				4E37317116EF49BA00F95599 /* Resources */,
			);
			buildRules = (
			);
			dependencies = (
			);
			name = ImageBubble;
			productName = MaskTests;
			productReference = 4E37317316EF49BB00F95599 /* ImageBubble.app */;
			productType = "com.apple.product-type.application";
		};
/* End PBXNativeTarget section */

/* Begin PBXProject section */
		4E37316B16EF49BA00F95599 /* Project object */ = {
			isa = PBXProject;
			attributes = {
				CLASSPREFIX = KTMask;
				LastUpgradeCheck = 0460;
				ORGANIZATIONNAME = Kirby;
			};
			buildConfigurationList = 4E37316E16EF49BA00F95599 /* Build configuration list for PBXProject "BubbleThingie" */;
			compatibilityVersion = "Xcode 3.2";
			developmentRegion = English;
			hasScannedForEncodings = 0;
			knownRegions = (
				en,
			);
			mainGroup = 4E37316A16EF49BA00F95599;
			productRefGroup = 4E37317416EF49BB00F95599 /* Products */;
			projectDirPath = "";
			projectRoot = "";
			targets = (
				4E37317216EF49BA00F95599 /* ImageBubble */,
			);
		};
/* End PBXProject section */

/* Begin PBXResourcesBuildPhase section */
		4E37317116EF49BA00F95599 /* Resources */ = {
			isa = PBXResourcesBuildPhase;
			buildActionMask = 2147483647;
			files = (
				4ED2083916F1129300E17936 /* Default-568h@2x.png in Resources */,
				4ED2083A16F1129300E17936 /* Default.png in Resources */,
				4ED2083B16F1129300E17936 /* Default@2x.png in Resources */,
				4ED2083C16F1129300E17936 /* flower.png in Resources */,
				4ED2083D16F1129300E17936 /* ImageBubble@2x~iphone.png in Resources */,
				4ED2083E16F1129300E17936 /* ImageBubbleMask@2x~iphone.png in Resources */,
				4ED2083F16F1129300E17936 /* ImageBubbleMask~iphone.png in Resources */,
				4ED2084016F1129300E17936 /* ImageBubble~iphone.png in Resources */,
				4E9C4D7516F5A02400400197 /* person.png in Resources */,
				4EE64DD8170AED1500A6DC44 /* BubbleThingieViewController_iPad.xib in Resources */,
				4EE64DD9170AED1500A6DC44 /* BubbleThingieViewController_iPhone.xib in Resources */,
				4EE64DDA170AED1500A6DC44 /* InfoPlist.strings in Resources */,
			);
			runOnlyForDeploymentPostprocessing = 0;
		};
/* End PBXResourcesBuildPhase section */

/* Begin PBXSourcesBuildPhase section */
		4E37316F16EF49BA00F95599 /* Sources */ = {
			isa = PBXSourcesBuildPhase;
			buildActionMask = 2147483647;
			files = (
				4ED2084516F1129300E17936 /* ImageBubbleAppDelegate.m in Sources */,
				4ED2084616F1129300E17936 /* ImageBubbleViewController.m in Sources */,
				4ED2084716F1129300E17936 /* main.m in Sources */,
				4EC0444C16F18CA100438D31 /* TextMessageBubbleViewButton.m in Sources */,
				4EC0444F16F1951300438D31 /* UIImage+Utils.m in Sources */,
				4EC0448B16F38FBB00438D31 /* MessageBubbleView.m in Sources */,
				4EC044AB16F3A12200438D31 /* CopyLabel.m in Sources */,
			);
			runOnlyForDeploymentPostprocessing = 0;
		};
/* End PBXSourcesBuildPhase section */

/* Begin PBXVariantGroup section */
		4EE64DD1170AED1500A6DC44 /* BubbleThingieViewController_iPad.xib */ = {
			isa = PBXVariantGroup;
			children = (
				4EE64DD2170AED1500A6DC44 /* en */,
			);
			name = BubbleThingieViewController_iPad.xib;
			sourceTree = "<group>";
		};
		4EE64DD3170AED1500A6DC44 /* BubbleThingieViewController_iPhone.xib */ = {
			isa = PBXVariantGroup;
			children = (
				4EE64DD4170AED1500A6DC44 /* en */,
			);
			name = BubbleThingieViewController_iPhone.xib;
			sourceTree = "<group>";
		};
		4EE64DD5170AED1500A6DC44 /* InfoPlist.strings */ = {
			isa = PBXVariantGroup;
			children = (
				4EE64DD6170AED1500A6DC44 /* en */,
			);
			name = InfoPlist.strings;
			sourceTree = "<group>";
		};
/* End PBXVariantGroup section */

/* Begin XCBuildConfiguration section */
		4E37319716EF49BB00F95599 /* Debug */ = {
			isa = XCBuildConfiguration;
			buildSettings = {
				ALWAYS_SEARCH_USER_PATHS = NO;
				CLANG_CXX_LANGUAGE_STANDARD = "gnu++0x";
				CLANG_CXX_LIBRARY = "libc++";
				CLANG_ENABLE_OBJC_ARC = YES;
				CLANG_WARN_CONSTANT_CONVERSION = YES;
				CLANG_WARN_EMPTY_BODY = YES;
				CLANG_WARN_ENUM_CONVERSION = YES;
				CLANG_WARN_INT_CONVERSION = YES;
				CLANG_WARN__DUPLICATE_METHOD_MATCH = YES;
				"CODE_SIGN_IDENTITY[sdk=iphoneos*]" = "iPhone Developer";
				COPY_PHASE_STRIP = NO;
				GCC_C_LANGUAGE_STANDARD = gnu99;
				GCC_DYNAMIC_NO_PIC = NO;
				GCC_OPTIMIZATION_LEVEL = 0;
				GCC_PREPROCESSOR_DEFINITIONS = (
					"DEBUG=1",
					"$(inherited)",
				);
				GCC_SYMBOLS_PRIVATE_EXTERN = NO;
				GCC_WARN_ABOUT_RETURN_TYPE = YES;
				GCC_WARN_UNINITIALIZED_AUTOS = YES;
				GCC_WARN_UNUSED_VARIABLE = YES;
				IPHONEOS_DEPLOYMENT_TARGET = 6.1;
				ONLY_ACTIVE_ARCH = YES;
				SDKROOT = iphoneos;
				TARGETED_DEVICE_FAMILY = "1,2";
			};
			name = Debug;
		};
		4E37319816EF49BB00F95599 /* Release */ = {
			isa = XCBuildConfiguration;
			buildSettings = {
				ALWAYS_SEARCH_USER_PATHS = NO;
				CLANG_CXX_LANGUAGE_STANDARD = "gnu++0x";
				CLANG_CXX_LIBRARY = "libc++";
				CLANG_ENABLE_OBJC_ARC = YES;
				CLANG_WARN_CONSTANT_CONVERSION = YES;
				CLANG_WARN_EMPTY_BODY = YES;
				CLANG_WARN_ENUM_CONVERSION = YES;
				CLANG_WARN_INT_CONVERSION = YES;
				CLANG_WARN__DUPLICATE_METHOD_MATCH = YES;
				"CODE_SIGN_IDENTITY[sdk=iphoneos*]" = "iPhone Developer";
				COPY_PHASE_STRIP = YES;
				GCC_C_LANGUAGE_STANDARD = gnu99;
				GCC_WARN_ABOUT_RETURN_TYPE = YES;
				GCC_WARN_UNINITIALIZED_AUTOS = YES;
				GCC_WARN_UNUSED_VARIABLE = YES;
				IPHONEOS_DEPLOYMENT_TARGET = 6.1;
				OTHER_CFLAGS = "-DNS_BLOCK_ASSERTIONS=1";
				SDKROOT = iphoneos;
				TARGETED_DEVICE_FAMILY = "1,2";
				VALIDATE_PRODUCT = YES;
			};
			name = Release;
		};
		4E37319A16EF49BB00F95599 /* Debug */ = {
			isa = XCBuildConfiguration;
			buildSettings = {
				GCC_PRECOMPILE_PREFIX_HEADER = YES;
				GCC_PREFIX_HEADER = "rsrc/BubbleThingie-Prefix.pch";
				INFOPLIST_FILE = "rsrc/BubbleThingie-Info.plist";
				PRODUCT_NAME = ImageBubble;
				WRAPPER_EXTENSION = app;
			};
			name = Debug;
		};
		4E37319B16EF49BB00F95599 /* Release */ = {
			isa = XCBuildConfiguration;
			buildSettings = {
				GCC_PRECOMPILE_PREFIX_HEADER = YES;
				GCC_PREFIX_HEADER = "rsrc/BubbleThingie-Prefix.pch";
				INFOPLIST_FILE = "rsrc/BubbleThingie-Info.plist";
				PRODUCT_NAME = ImageBubble;
				WRAPPER_EXTENSION = app;
			};
			name = Release;
		};
/* End XCBuildConfiguration section */

/* Begin XCConfigurationList section */
		4E37316E16EF49BA00F95599 /* Build configuration list for PBXProject "BubbleThingie" */ = {
			isa = XCConfigurationList;
			buildConfigurations = (
				4E37319716EF49BB00F95599 /* Debug */,
				4E37319816EF49BB00F95599 /* Release */,
			);
			defaultConfigurationIsVisible = 0;
			defaultConfigurationName = Release;
		};
		4E37319916EF49BB00F95599 /* Build configuration list for PBXNativeTarget "ImageBubble" */ = {
			isa = XCConfigurationList;
			buildConfigurations = (
				4E37319A16EF49BB00F95599 /* Debug */,
				4E37319B16EF49BB00F95599 /* Release */,
			);
			defaultConfigurationIsVisible = 0;
			defaultConfigurationName = Release;
		};
/* End XCConfigurationList section */
	};
	rootObject = 4E37316B16EF49BA00F95599 /* Project object */;
}
